{
  "name": "01-service",
  "version": "1.0.0",
  "lockfileVersion": 3,
  "requires": true,
  "packages": {
    "": {
      "name": "01-service",
      "version": "1.0.0",
      "license": "ISC",
      "dependencies": {
        "pebl": "0.1.0"
      }
    },
    "node_modules/pebl": {
      "version": "0.1.0",
      "resolved": "https://registry.npmjs.org/pebl/-/pebl-0.1.0.tgz",
      "integrity": "sha512-Tjo4Fkw+la3RR1weQOGrTdUYoSAvHxGp6XS83m/QQ+IPOwASz6yTo15v9zEouhbbUaZFbOOAKYJ6sqhAZICbWg=="
    }
  }
}
