{
  "name": "01-service",
  "version": "1.0.0",
  "lockfileVersion": 3,
  "requires": true,
  "packages": {
    "": {
      "name": "01-service",
      "version": "1.0.0",
      "license": "ISC",
      "dependencies": {
        "pebl": "0.0.10"
      }
    },
    "node_modules/pebl": {
      "version": "0.0.10",
      "resolved": "https://registry.npmjs.org/pebl/-/pebl-0.0.10.tgz",
      "integrity": "sha512-TBrH9Pc1OF0FORVOoiMKnhhwV3YXbYkA5XgNEjZdiAeW3Xa52yY+DPXhwUordfNsIDPb7xCGDo2omN7cU13Njw=="
    }
  }
}
